
Microsoft Visual Studio Solution File, Format Version 12.00
# Visual Studio Version 16
Project("{8BC9CEB8-8B4A-11D0-8D11-00A0C91BC942}") = "ALL_BUILD", "ALL_BUILD.vcxproj", "{62C1AF01-0BD6-3C3D-A1BF-E6345D2646DF}"
	ProjectSection(ProjectDependencies) = postProject
		{75933C98-3BEA-3CB2-A00C-0567CB63F768} = {75933C98-3BEA-3CB2-A00C-0567CB63F768}
		{F90FCD7A-47EA-3AF8-B174-5934837A341B} = {F90FCD7A-47EA-3AF8-B174-5934837A341B}
		{311FFEDF-FD0B-37FE-8FBE-2A6082D624C8} = {311FFEDF-FD0B-37FE-8FBE-2A6082D624C8}
	EndProjectSection
EndProject
Project("{8BC9CEB8-8B4A-11D0-8D11-00A0C91BC942}") = "INSTALL", "INSTALL.vcxproj", "{9230C164-0126-3827-88CA-01B06735ED45}"
	ProjectSection(ProjectDependencies) = postProject
		{62C1AF01-0BD6-3C3D-A1BF-E6345D2646DF} = {62C1AF01-0BD6-3C3D-A1BF-E6345D2646DF}
		{75933C98-3BEA-3CB2-A00C-0567CB63F768} = {75933C98-3BEA-3CB2-A00C-0567CB63F768}
	EndProjectSection
EndProject
Project("{8BC9CEB8-8B4A-11D0-8D11-00A0C91BC942}") = "ZERO_CHECK", "ZERO_CHECK.vcxproj", "{75933C98-3BEA-3CB2-A00C-0567CB63F768}"
	ProjectSection(ProjectDependencies) = postProject
	EndProjectSection
EndProject
Project("{8BC9CEB8-8B4A-11D0-8D11-00A0C91BC942}") = "flecs", "flecs.vcxproj", "{F90FCD7A-47EA-3AF8-B174-5934837A341B}"
	ProjectSection(ProjectDependencies) = postProject
		{75933C98-3BEA-3CB2-A00C-0567CB63F768} = {75933C98-3BEA-3CB2-A00C-0567CB63F768}
	EndProjectSection
EndProject
Project("{8BC9CEB8-8B4A-11D0-8D11-00A0C91BC942}") = "flecs_static", "flecs_static.vcxproj", "{311FFEDF-FD0B-37FE-8FBE-2A6082D624C8}"
	ProjectSection(ProjectDependencies) = postProject
		{75933C98-3BEA-3CB2-A00C-0567CB63F768} = {75933C98-3BEA-3CB2-A00C-0567CB63F768}
	EndProjectSection
EndProject
Global
	GlobalSection(SolutionConfigurationPlatforms) = preSolution
		Debug|x64 = Debug|x64
		Release|x64 = Release|x64
		MinSizeRel|x64 = MinSizeRel|x64
		RelWithDebInfo|x64 = RelWithDebInfo|x64
	EndGlobalSection
	GlobalSection(ProjectConfigurationPlatforms) = postSolution
		{62C1AF01-0BD6-3C3D-A1BF-E6345D2646DF}.Debug|x64.ActiveCfg = Debug|x64
		{62C1AF01-0BD6-3C3D-A1BF-E6345D2646DF}.Debug|x64.Build.0 = Debug|x64
		{62C1AF01-0BD6-3C3D-A1BF-E6345D2646DF}.Release|x64.ActiveCfg = Release|x64
		{62C1AF01-0BD6-3C3D-A1BF-E6345D2646DF}.Release|x64.Build.0 = Release|x64
		{62C1AF01-0BD6-3C3D-A1BF-E6345D2646DF}.MinSizeRel|x64.ActiveCfg = MinSizeRel|x64
		{62C1AF01-0BD6-3C3D-A1BF-E6345D2646DF}.MinSizeRel|x64.Build.0 = MinSizeRel|x64
		{62C1AF01-0BD6-3C3D-A1BF-E6345D2646DF}.RelWithDebInfo|x64.ActiveCfg = RelWithDebInfo|x64
		{62C1AF01-0BD6-3C3D-A1BF-E6345D2646DF}.RelWithDebInfo|x64.Build.0 = RelWithDebInfo|x64
		{9230C164-0126-3827-88CA-01B06735ED45}.Debug|x64.ActiveCfg = Debug|x64
		{9230C164-0126-3827-88CA-01B06735ED45}.Release|x64.ActiveCfg = Release|x64
		{9230C164-0126-3827-88CA-01B06735ED45}.MinSizeRel|x64.ActiveCfg = MinSizeRel|x64
		{9230C164-0126-3827-88CA-01B06735ED45}.RelWithDebInfo|x64.ActiveCfg = RelWithDebInfo|x64
		{75933C98-3BEA-3CB2-A00C-0567CB63F768}.Debug|x64.ActiveCfg = Debug|x64
		{75933C98-3BEA-3CB2-A00C-0567CB63F768}.Debug|x64.Build.0 = Debug|x64
		{75933C98-3BEA-3CB2-A00C-0567CB63F768}.Release|x64.ActiveCfg = Release|x64
		{75933C98-3BEA-3CB2-A00C-0567CB63F768}.Release|x64.Build.0 = Release|x64
		{75933C98-3BEA-3CB2-A00C-0567CB63F768}.MinSizeRel|x64.ActiveCfg = MinSizeRel|x64
		{75933C98-3BEA-3CB2-A00C-0567CB63F768}.MinSizeRel|x64.Build.0 = MinSizeRel|x64
		{75933C98-3BEA-3CB2-A00C-0567CB63F768}.RelWithDebInfo|x64.ActiveCfg = RelWithDebInfo|x64
		{75933C98-3BEA-3CB2-A00C-0567CB63F768}.RelWithDebInfo|x64.Build.0 = RelWithDebInfo|x64
		{F90FCD7A-47EA-3AF8-B174-5934837A341B}.Debug|x64.ActiveCfg = Debug|x64
		{F90FCD7A-47EA-3AF8-B174-5934837A341B}.Debug|x64.Build.0 = Debug|x64
		{F90FCD7A-47EA-3AF8-B174-5934837A341B}.Release|x64.ActiveCfg = Release|x64
		{F90FCD7A-47EA-3AF8-B174-5934837A341B}.Release|x64.Build.0 = Release|x64
		{F90FCD7A-47EA-3AF8-B174-5934837A341B}.MinSizeRel|x64.ActiveCfg = MinSizeRel|x64
		{F90FCD7A-47EA-3AF8-B174-5934837A341B}.MinSizeRel|x64.Build.0 = MinSizeRel|x64
		{F90FCD7A-47EA-3AF8-B174-5934837A341B}.RelWithDebInfo|x64.ActiveCfg = RelWithDebInfo|x64
		{F90FCD7A-47EA-3AF8-B174-5934837A341B}.RelWithDebInfo|x64.Build.0 = RelWithDebInfo|x64
		{311FFEDF-FD0B-37FE-8FBE-2A6082D624C8}.Debug|x64.ActiveCfg = Debug|x64
		{311FFEDF-FD0B-37FE-8FBE-2A6082D624C8}.Debug|x64.Build.0 = Debug|x64
		{311FFEDF-FD0B-37FE-8FBE-2A6082D624C8}.Release|x64.ActiveCfg = Release|x64
		{311FFEDF-FD0B-37FE-8FBE-2A6082D624C8}.Release|x64.Build.0 = Release|x64
		{311FFEDF-FD0B-37FE-8FBE-2A6082D624C8}.MinSizeRel|x64.ActiveCfg = MinSizeRel|x64
		{311FFEDF-FD0B-37FE-8FBE-2A6082D624C8}.MinSizeRel|x64.Build.0 = MinSizeRel|x64
		{311FFEDF-FD0B-37FE-8FBE-2A6082D624C8}.RelWithDebInfo|x64.ActiveCfg = RelWithDebInfo|x64
		{311FFEDF-FD0B-37FE-8FBE-2A6082D624C8}.RelWithDebInfo|x64.Build.0 = RelWithDebInfo|x64
	EndGlobalSection
	GlobalSection(ExtensibilityGlobals) = postSolution
		SolutionGuid = {698F16FD-78A2-386D-BED9-84F1C3733FEE}
	EndGlobalSection
	GlobalSection(ExtensibilityAddIns) = postSolution
	EndGlobalSection
EndGlobal
